
Microsoft Visual Studio Solution File, Format Version 12.00
# Visual Studio 2012
Project("{FAE04EC0-301F-11D3-BF4B-00C04F79EFBC}") = "quake3ts", "quake3ts.csproj", "{F4678465-C212-4513-8F6D-BD659A47E343}"
EndProject
Global
	GlobalSection(SolutionConfigurationPlatforms) = preSolution
		Debug|Any CPU = Debug|Any CPU
		Release|Any CPU = Release|Any CPU
	EndGlobalSection
	GlobalSection(ProjectConfigurationPlatforms) = postSolution
		{F4678465-C212-4513-8F6D-BD659A47E343}.Debug|Any CPU.ActiveCfg = Debug|Any CPU
		{F4678465-C212-4513-8F6D-BD659A47E343}.Debug|Any CPU.Build.0 = Debug|Any CPU
		{F4678465-C212-4513-8F6D-BD659A47E343}.Release|Any CPU.ActiveCfg = Release|Any CPU
		{F4678465-C212-4513-8F6D-BD659A47E343}.Release|Any CPU.Build.0 = Release|Any CPU
	EndGlobalSection
EndGlobal
